
Microsoft Visual Studio Solution File, Format Version 12.00
# Visual Studio Version 16
VisualStudioVersion = 16.0.33328.57
MinimumVisualStudioVersion = 10.0.40219.1
Project("{FAE04EC0-301F-11D3-BF4B-00C04F79EFBC}") = "VirobLab02", "VirobLab02.csproj", "{ABC12627-88B8-4FAE-A52D-AE366A336BC5}"
EndProject
Global
	GlobalSection(SolutionConfigurationPlatforms) = preSolution
		Debug|Any CPU = Debug|Any CPU
		Release|Any CPU = Release|Any CPU
	EndGlobalSection
	GlobalSection(ProjectConfigurationPlatforms) = postSolution
		{ABC12627-88B8-4FAE-A52D-AE366A336BC5}.Debug|Any CPU.ActiveCfg = Debug|Any CPU
		{ABC12627-88B8-4FAE-A52D-AE366A336BC5}.Debug|Any CPU.Build.0 = Debug|Any CPU
		{ABC12627-88B8-4FAE-A52D-AE366A336BC5}.Release|Any CPU.ActiveCfg = Release|Any CPU
		{ABC12627-88B8-4FAE-A52D-AE366A336BC5}.Release|Any CPU.Build.0 = Release|Any CPU
	EndGlobalSection
	GlobalSection(SolutionProperties) = preSolution
		HideSolutionNode = FALSE
	EndGlobalSection
	GlobalSection(ExtensibilityGlobals) = postSolution
		SolutionGuid = {29AF995A-4997-48DB-B75A-9A15791A969D}
	EndGlobalSection
EndGlobal
